{
  "originHash" : "c5a699ef441b0cb14268e88ef2c32587b8c4f8b7f08c78797f9bf6596ed2be80",
  "pins" : [
    {
      "identity" : "mdtext",
      "kind" : "remoteSourceControl",
      "location" : "https://github.com/Lambdo-Labs/MDText",
      "state" : {
        "revision" : "7b1f74239e4b41799a36b404ff30e21fca6fb9d7",
        "version" : "0.0.10"
      }
    },
    {
      "identity" : "networkimage",
      "kind" : "remoteSourceControl",
      "location" : "https://github.com/gonzalezreal/NetworkImage",
      "state" : {
        "revision" : "7aff8d1b31148d32c5933d75557d42f6323ee3d1",
        "version" : "6.0.0"
      }
    },
    {
      "identity" : "swift-markdown-ui",
      "kind" : "remoteSourceControl",
      "location" : "https://github.com/gonzalezreal/swift-markdown-ui",
      "state" : {
        "revision" : "ae799d015a5374708f7b4c85f3294c05f2a564e2",
        "version" : "2.3.0"
      }
    }
  ],
  "version" : 3
}
