// !$*UTF8*$!
{
	archiveVersion = 1;
	classes = {
	};
	objectVersion = 56;
	objects = {

/* Begin PBXBuildFile section */
		EF28D8442C079CEB00EE0DBF /* Hermes.docc in Sources */ = {isa = PBXBuildFile; fileRef = EF28D8432C079CEB00EE0DBF /* Hermes.docc */; };
		EF28D84A2C079CEB00EE0DBF /* Hermes.framework in Frameworks */ = {isa = PBXBuildFile; fileRef = EF28D83F2C079CEB00EE0DBF /* Hermes.framework */; };
		EF28D84F2C079CEB00EE0DBF /* HermesTests.swift in Sources */ = {isa = PBXBuildFile; fileRef = EF28D84E2C079CEB00EE0DBF /* HermesTests.swift */; };
		EF28D8502C079CEB00EE0DBF /* Hermes.h in Headers */ = {isa = PBXBuildFile; fileRef = EF28D8422C079CEB00EE0DBF /* Hermes.h */; settings = {ATTRIBUTES = (Public, ); }; };
		EF28D8602C079D0000EE0DBF /* AppDelegate.swift in Sources */ = {isa = PBXBuildFile; fileRef = EF28D85F2C079D0000EE0DBF /* AppDelegate.swift */; };
		EF28D8622C079D0000EE0DBF /* SceneDelegate.swift in Sources */ = {isa = PBXBuildFile; fileRef = EF28D8612C079D0000EE0DBF /* SceneDelegate.swift */; };
		EF28D8642C079D0000EE0DBF /* ViewController.swift in Sources */ = {isa = PBXBuildFile; fileRef = EF28D8632C079D0000EE0DBF /* ViewController.swift */; };
		EF28D8672C079D0000EE0DBF /* Base in Resources */ = {isa = PBXBuildFile; fileRef = EF28D8662C079D0000EE0DBF /* Base */; };
		EF28D86A2C079D0000EE0DBF /* HermesExample.xcdatamodeld in Sources */ = {isa = PBXBuildFile; fileRef = EF28D8682C079D0000EE0DBF /* HermesExample.xcdatamodeld */; };
		EF28D86C2C079D0100EE0DBF /* Assets.xcassets in Resources */ = {isa = PBXBuildFile; fileRef = EF28D86B2C079D0100EE0DBF /* Assets.xcassets */; };
		EF28D86F2C079D0100EE0DBF /* Base in Resources */ = {isa = PBXBuildFile; fileRef = EF28D86E2C079D0100EE0DBF /* Base */; };
/* End PBXBuildFile section */

/* Begin PBXContainerItemProxy section */
		EF28D84B2C079CEB00EE0DBF /* PBXContainerItemProxy */ = {
			isa = PBXContainerItemProxy;
			containerPortal = EF28D8362C079CEB00EE0DBF /* Project object */;
			proxyType = 1;
			remoteGlobalIDString = EF28D83E2C079CEB00EE0DBF;
			remoteInfo = Hermes;
		};
/* End PBXContainerItemProxy section */

/* Begin PBXFileReference section */
		EF28D83F2C079CEB00EE0DBF /* Hermes.framework */ = {isa = PBXFileReference; explicitFileType = wrapper.framework; includeInIndex = 0; path = Hermes.framework; sourceTree = BUILT_PRODUCTS_DIR; };
		EF28D8422C079CEB00EE0DBF /* Hermes.h */ = {isa = PBXFileReference; lastKnownFileType = sourcecode.c.h; path = Hermes.h; sourceTree = "<group>"; };
		EF28D8432C079CEB00EE0DBF /* Hermes.docc */ = {isa = PBXFileReference; lastKnownFileType = folder.documentationcatalog; path = Hermes.docc; sourceTree = "<group>"; };
		EF28D8492C079CEB00EE0DBF /* HermesTests.xctest */ = {isa = PBXFileReference; explicitFileType = wrapper.cfbundle; includeInIndex = 0; path = HermesTests.xctest; sourceTree = BUILT_PRODUCTS_DIR; };
		EF28D84E2C079CEB00EE0DBF /* HermesTests.swift */ = {isa = PBXFileReference; lastKnownFileType = sourcecode.swift; path = HermesTests.swift; sourceTree = "<group>"; };
		EF28D85D2C079D0000EE0DBF /* HermesExample.app */ = {isa = PBXFileReference; explicitFileType = wrapper.application; includeInIndex = 0; path = HermesExample.app; sourceTree = BUILT_PRODUCTS_DIR; };
		EF28D85F2C079D0000EE0DBF /* AppDelegate.swift */ = {isa = PBXFileReference; lastKnownFileType = sourcecode.swift; path = AppDelegate.swift; sourceTree = "<group>"; };
		EF28D8612C079D0000EE0DBF /* SceneDelegate.swift */ = {isa = PBXFileReference; lastKnownFileType = sourcecode.swift; path = SceneDelegate.swift; sourceTree = "<group>"; };
		EF28D8632C079D0000EE0DBF /* ViewController.swift */ = {isa = PBXFileReference; lastKnownFileType = sourcecode.swift; path = ViewController.swift; sourceTree = "<group>"; };
		EF28D8662C079D0000EE0DBF /* Base */ = {isa = PBXFileReference; lastKnownFileType = file.storyboard; name = Base; path = Base.lproj/Main.storyboard; sourceTree = "<group>"; };
		EF28D8692C079D0000EE0DBF /* HermesExample.xcdatamodel */ = {isa = PBXFileReference; lastKnownFileType = wrapper.xcdatamodel; path = HermesExample.xcdatamodel; sourceTree = "<group>"; };
		EF28D86B2C079D0100EE0DBF /* Assets.xcassets */ = {isa = PBXFileReference; lastKnownFileType = folder.assetcatalog; path = Assets.xcassets; sourceTree = "<group>"; };
		EF28D86E2C079D0100EE0DBF /* Base */ = {isa = PBXFileReference; lastKnownFileType = file.storyboard; name = Base; path = Base.lproj/LaunchScreen.storyboard; sourceTree = "<group>"; };
		EF28D8702C079D0100EE0DBF /* Info.plist */ = {isa = PBXFileReference; lastKnownFileType = text.plist.xml; path = Info.plist; sourceTree = "<group>"; };
/* End PBXFileReference section */

/* Begin PBXFrameworksBuildPhase section */
		EF28D83C2C079CEB00EE0DBF /* Frameworks */ = {
			isa = PBXFrameworksBuildPhase;
			buildActionMask = 2147483647;
			files = (
			);
			runOnlyForDeploymentPostprocessing = 0;
		};
		EF28D8462C079CEB00EE0DBF /* Frameworks */ = {
			isa = PBXFrameworksBuildPhase;
			buildActionMask = 2147483647;
			files = (
				EF28D84A2C079CEB00EE0DBF /* Hermes.framework in Frameworks */,
			);
			runOnlyForDeploymentPostprocessing = 0;
		};
		EF28D85A2C079D0000EE0DBF /* Frameworks */ = {
			isa = PBXFrameworksBuildPhase;
			buildActionMask = 2147483647;
			files = (
			);
			runOnlyForDeploymentPostprocessing = 0;
		};
/* End PBXFrameworksBuildPhase section */

/* Begin PBXGroup section */
		EF28D8352C079CEB00EE0DBF = {
			isa = PBXGroup;
			children = (
				EF28D8412C079CEB00EE0DBF /* Hermes */,
				EF28D84D2C079CEB00EE0DBF /* HermesTests */,
				EF28D85E2C079D0000EE0DBF /* HermesExample */,
				EF28D8402C079CEB00EE0DBF /* Products */,
			);
			sourceTree = "<group>";
		};
		EF28D8402C079CEB00EE0DBF /* Products */ = {
			isa = PBXGroup;
			children = (
				EF28D83F2C079CEB00EE0DBF /* Hermes.framework */,
				EF28D8492C079CEB00EE0DBF /* HermesTests.xctest */,
				EF28D85D2C079D0000EE0DBF /* HermesExample.app */,
			);
			name = Products;
			sourceTree = "<group>";
		};
		EF28D8412C079CEB00EE0DBF /* Hermes */ = {
			isa = PBXGroup;
			children = (
				EF28D8422C079CEB00EE0DBF /* Hermes.h */,
				EF28D8432C079CEB00EE0DBF /* Hermes.docc */,
			);
			path = Hermes;
			sourceTree = "<group>";
		};
		EF28D84D2C079CEB00EE0DBF /* HermesTests */ = {
			isa = PBXGroup;
			children = (
				EF28D84E2C079CEB00EE0DBF /* HermesTests.swift */,
			);
			path = HermesTests;
			sourceTree = "<group>";
		};
		EF28D85E2C079D0000EE0DBF /* HermesExample */ = {
			isa = PBXGroup;
			children = (
				EF28D85F2C079D0000EE0DBF /* AppDelegate.swift */,
				EF28D8612C079D0000EE0DBF /* SceneDelegate.swift */,
				EF28D8632C079D0000EE0DBF /* ViewController.swift */,
				EF28D8652C079D0000EE0DBF /* Main.storyboard */,
				EF28D86B2C079D0100EE0DBF /* Assets.xcassets */,
				EF28D86D2C079D0100EE0DBF /* LaunchScreen.storyboard */,
				EF28D8702C079D0100EE0DBF /* Info.plist */,
				EF28D8682C079D0000EE0DBF /* HermesExample.xcdatamodeld */,
			);
			path = HermesExample;
			sourceTree = "<group>";
		};
/* End PBXGroup section */

/* Begin PBXHeadersBuildPhase section */
		EF28D83A2C079CEB00EE0DBF /* Headers */ = {
			isa = PBXHeadersBuildPhase;
			buildActionMask = 2147483647;
			files = (
				EF28D8502C079CEB00EE0DBF /* Hermes.h in Headers */,
			);
			runOnlyForDeploymentPostprocessing = 0;
		};
/* End PBXHeadersBuildPhase section */

/* Begin PBXNativeTarget section */
		EF28D83E2C079CEB00EE0DBF /* Hermes */ = {
			isa = PBXNativeTarget;
			buildConfigurationList = EF28D8532C079CEB00EE0DBF /* Build configuration list for PBXNativeTarget "Hermes" */;
			buildPhases = (
				EF28D83A2C079CEB00EE0DBF /* Headers */,
				EF28D83B2C079CEB00EE0DBF /* Sources */,
				EF28D83C2C079CEB00EE0DBF /* Frameworks */,
				EF28D83D2C079CEB00EE0DBF /* Resources */,
			);
			buildRules = (
			);
			dependencies = (
			);
			name = Hermes;
			productName = Hermes;
			productReference = EF28D83F2C079CEB00EE0DBF /* Hermes.framework */;
			productType = "com.apple.product-type.framework";
		};
		EF28D8482C079CEB00EE0DBF /* HermesTests */ = {
			isa = PBXNativeTarget;
			buildConfigurationList = EF28D8562C079CEB00EE0DBF /* Build configuration list for PBXNativeTarget "HermesTests" */;
			buildPhases = (
				EF28D8452C079CEB00EE0DBF /* Sources */,
				EF28D8462C079CEB00EE0DBF /* Frameworks */,
				EF28D8472C079CEB00EE0DBF /* Resources */,
			);
			buildRules = (
			);
			dependencies = (
				EF28D84C2C079CEB00EE0DBF /* PBXTargetDependency */,
			);
			name = HermesTests;
			productName = HermesTests;
			productReference = EF28D8492C079CEB00EE0DBF /* HermesTests.xctest */;
			productType = "com.apple.product-type.bundle.unit-test";
		};
		EF28D85C2C079D0000EE0DBF /* HermesExample */ = {
			isa = PBXNativeTarget;
			buildConfigurationList = EF28D8712C079D0100EE0DBF /* Build configuration list for PBXNativeTarget "HermesExample" */;
			buildPhases = (
				EF28D8592C079D0000EE0DBF /* Sources */,
				EF28D85A2C079D0000EE0DBF /* Frameworks */,
				EF28D85B2C079D0000EE0DBF /* Resources */,
			);
			buildRules = (
			);
			dependencies = (
			);
			name = HermesExample;
			productName = HermesExample;
			productReference = EF28D85D2C079D0000EE0DBF /* HermesExample.app */;
			productType = "com.apple.product-type.application";
		};
/* End PBXNativeTarget section */

/* Begin PBXProject section */
		EF28D8362C079CEB00EE0DBF /* Project object */ = {
			isa = PBXProject;
			attributes = {
				BuildIndependentTargetsInParallel = 1;
				LastSwiftUpdateCheck = 1530;
				LastUpgradeCheck = 1530;
				TargetAttributes = {
					EF28D83E2C079CEB00EE0DBF = {
						CreatedOnToolsVersion = 15.3;
					};
					EF28D8482C079CEB00EE0DBF = {
						CreatedOnToolsVersion = 15.3;
					};
					EF28D85C2C079D0000EE0DBF = {
						CreatedOnToolsVersion = 15.3;
					};
				};
			};
			buildConfigurationList = EF28D8392C079CEB00EE0DBF /* Build configuration list for PBXProject "Hermes" */;
			compatibilityVersion = "Xcode 14.0";
			developmentRegion = en;
			hasScannedForEncodings = 0;
			knownRegions = (
				en,
				Base,
			);
			mainGroup = EF28D8352C079CEB00EE0DBF;
			productRefGroup = EF28D8402C079CEB00EE0DBF /* Products */;
			projectDirPath = "";
			projectRoot = "";
			targets = (
				EF28D83E2C079CEB00EE0DBF /* Hermes */,
				EF28D8482C079CEB00EE0DBF /* HermesTests */,
				EF28D85C2C079D0000EE0DBF /* HermesExample */,
			);
		};
/* End PBXProject section */

/* Begin PBXResourcesBuildPhase section */
		EF28D83D2C079CEB00EE0DBF /* Resources */ = {
			isa = PBXResourcesBuildPhase;
			buildActionMask = 2147483647;
			files = (
			);
			runOnlyForDeploymentPostprocessing = 0;
		};
		EF28D8472C079CEB00EE0DBF /* Resources */ = {
			isa = PBXResourcesBuildPhase;
			buildActionMask = 2147483647;
			files = (
			);
			runOnlyForDeploymentPostprocessing = 0;
		};
		EF28D85B2C079D0000EE0DBF /* Resources */ = {
			isa = PBXResourcesBuildPhase;
			buildActionMask = 2147483647;
			files = (
				EF28D86C2C079D0100EE0DBF /* Assets.xcassets in Resources */,
				EF28D86F2C079D0100EE0DBF /* Base in Resources */,
				EF28D8672C079D0000EE0DBF /* Base in Resources */,
			);
			runOnlyForDeploymentPostprocessing = 0;
		};
/* End PBXResourcesBuildPhase section */

/* Begin PBXSourcesBuildPhase section */
		EF28D83B2C079CEB00EE0DBF /* Sources */ = {
			isa = PBXSourcesBuildPhase;
			buildActionMask = 2147483647;
			files = (
				EF28D8442C079CEB00EE0DBF /* Hermes.docc in Sources */,
			);
			runOnlyForDeploymentPostprocessing = 0;
		};
		EF28D8452C079CEB00EE0DBF /* Sources */ = {
			isa = PBXSourcesBuildPhase;
			buildActionMask = 2147483647;
			files = (
				EF28D84F2C079CEB00EE0DBF /* HermesTests.swift in Sources */,
			);
			runOnlyForDeploymentPostprocessing = 0;
		};
		EF28D8592C079D0000EE0DBF /* Sources */ = {
			isa = PBXSourcesBuildPhase;
			buildActionMask = 2147483647;
			files = (
				EF28D8642C079D0000EE0DBF /* ViewController.swift in Sources */,
				EF28D8602C079D0000EE0DBF /* AppDelegate.swift in Sources */,
				EF28D86A2C079D0000EE0DBF /* HermesExample.xcdatamodeld in Sources */,
				EF28D8622C079D0000EE0DBF /* SceneDelegate.swift in Sources */,
			);
			runOnlyForDeploymentPostprocessing = 0;
		};
/* End PBXSourcesBuildPhase section */

/* Begin PBXTargetDependency section */
		EF28D84C2C079CEB00EE0DBF /* PBXTargetDependency */ = {
			isa = PBXTargetDependency;
			target = EF28D83E2C079CEB00EE0DBF /* Hermes */;
			targetProxy = EF28D84B2C079CEB00EE0DBF /* PBXContainerItemProxy */;
		};
/* End PBXTargetDependency section */

/* Begin PBXVariantGroup section */
		EF28D8652C079D0000EE0DBF /* Main.storyboard */ = {
			isa = PBXVariantGroup;
			children = (
				EF28D8662C079D0000EE0DBF /* Base */,
			);
			name = Main.storyboard;
			sourceTree = "<group>";
		};
		EF28D86D2C079D0100EE0DBF /* LaunchScreen.storyboard */ = {
			isa = PBXVariantGroup;
			children = (
				EF28D86E2C079D0100EE0DBF /* Base */,
			);
			name = LaunchScreen.storyboard;
			sourceTree = "<group>";
		};
/* End PBXVariantGroup section */

/* Begin XCBuildConfiguration section */
		EF28D8512C079CEB00EE0DBF /* Debug */ = {
			isa = XCBuildConfiguration;
			buildSettings = {
				ALWAYS_SEARCH_USER_PATHS = NO;
				ASSETCATALOG_COMPILER_GENERATE_SWIFT_ASSET_SYMBOL_EXTENSIONS = YES;
				CLANG_ANALYZER_NONNULL = YES;
				CLANG_ANALYZER_NUMBER_OBJECT_CONVERSION = YES_AGGRESSIVE;
				CLANG_CXX_LANGUAGE_STANDARD = "gnu++20";
				CLANG_ENABLE_MODULES = YES;
				CLANG_ENABLE_OBJC_ARC = YES;
				CLANG_ENABLE_OBJC_WEAK = YES;
				CLANG_WARN_BLOCK_CAPTURE_AUTORELEASING = YES;
				CLANG_WARN_BOOL_CONVERSION = YES;
				CLANG_WARN_COMMA = YES;
				CLANG_WARN_CONSTANT_CONVERSION = YES;
				CLANG_WARN_DEPRECATED_OBJC_IMPLEMENTATIONS = YES;
				CLANG_WARN_DIRECT_OBJC_ISA_USAGE = YES_ERROR;
				CLANG_WARN_DOCUMENTATION_COMMENTS = YES;
				CLANG_WARN_EMPTY_BODY = YES;
				CLANG_WARN_ENUM_CONVERSION = YES;
				CLANG_WARN_INFINITE_RECURSION = YES;
				CLANG_WARN_INT_CONVERSION = YES;
				CLANG_WARN_NON_LITERAL_NULL_CONVERSION = YES;
				CLANG_WARN_OBJC_IMPLICIT_RETAIN_SELF = YES;
				CLANG_WARN_OBJC_LITERAL_CONVERSION = YES;
				CLANG_WARN_OBJC_ROOT_CLASS = YES_ERROR;
				CLANG_WARN_QUOTED_INCLUDE_IN_FRAMEWORK_HEADER = YES;
				CLANG_WARN_RANGE_LOOP_ANALYSIS = YES;
				CLANG_WARN_STRICT_PROTOTYPES = YES;
				CLANG_WARN_SUSPICIOUS_MOVE = YES;
				CLANG_WARN_UNGUARDED_AVAILABILITY = YES_AGGRESSIVE;
				CLANG_WARN_UNREACHABLE_CODE = YES;
				CLANG_WARN__DUPLICATE_METHOD_MATCH = YES;
				COPY_PHASE_STRIP = NO;
				CURRENT_PROJECT_VERSION = 1;
				DEBUG_INFORMATION_FORMAT = dwarf;
				ENABLE_STRICT_OBJC_MSGSEND = YES;
				ENABLE_TESTABILITY = YES;
				ENABLE_USER_SCRIPT_SANDBOXING = YES;
				GCC_C_LANGUAGE_STANDARD = gnu17;
				GCC_DYNAMIC_NO_PIC = NO;
				GCC_NO_COMMON_BLOCKS = YES;
				GCC_OPTIMIZATION_LEVEL = 0;
				GCC_PREPROCESSOR_DEFINITIONS = (
					"DEBUG=1",
					"$(inherited)",
				);
				GCC_WARN_64_TO_32_BIT_CONVERSION = YES;
				GCC_WARN_ABOUT_RETURN_TYPE = YES_ERROR;
				GCC_WARN_UNDECLARED_SELECTOR = YES;
				GCC_WARN_UNINITIALIZED_AUTOS = YES_AGGRESSIVE;
				GCC_WARN_UNUSED_FUNCTION = YES;
				GCC_WARN_UNUSED_VARIABLE = YES;
				IPHONEOS_DEPLOYMENT_TARGET = 17.4;
				LOCALIZATION_PREFERS_STRING_CATALOGS = YES;
				MTL_ENABLE_DEBUG_INFO = INCLUDE_SOURCE;
				MTL_FAST_MATH = YES;
				ONLY_ACTIVE_ARCH = YES;
				SDKROOT = iphoneos;
				SWIFT_ACTIVE_COMPILATION_CONDITIONS = "DEBUG $(inherited)";
				SWIFT_OPTIMIZATION_LEVEL = "-Onone";
				VERSIONING_SYSTEM = "apple-generic";
				VERSION_INFO_PREFIX = "";
			};
			name = Debug;
		};
		EF28D8522C079CEB00EE0DBF /* Release */ = {
			isa = XCBuildConfiguration;
			buildSettings = {
				ALWAYS_SEARCH_USER_PATHS = NO;
				ASSETCATALOG_COMPILER_GENERATE_SWIFT_ASSET_SYMBOL_EXTENSIONS = YES;
				CLANG_ANALYZER_NONNULL = YES;
				CLANG_ANALYZER_NUMBER_OBJECT_CONVERSION = YES_AGGRESSIVE;
				CLANG_CXX_LANGUAGE_STANDARD = "gnu++20";
				CLANG_ENABLE_MODULES = YES;
				CLANG_ENABLE_OBJC_ARC = YES;
				CLANG_ENABLE_OBJC_WEAK = YES;
				CLANG_WARN_BLOCK_CAPTURE_AUTORELEASING = YES;
				CLANG_WARN_BOOL_CONVERSION = YES;
				CLANG_WARN_COMMA = YES;
				CLANG_WARN_CONSTANT_CONVERSION = YES;
				CLANG_WARN_DEPRECATED_OBJC_IMPLEMENTATIONS = YES;
				CLANG_WARN_DIRECT_OBJC_ISA_USAGE = YES_ERROR;
				CLANG_WARN_DOCUMENTATION_COMMENTS = YES;
				CLANG_WARN_EMPTY_BODY = YES;
				CLANG_WARN_ENUM_CONVERSION = YES;
				CLANG_WARN_INFINITE_RECURSION = YES;
				CLANG_WARN_INT_CONVERSION = YES;
				CLANG_WARN_NON_LITERAL_NULL_CONVERSION = YES;
				CLANG_WARN_OBJC_IMPLICIT_RETAIN_SELF = YES;
				CLANG_WARN_OBJC_LITERAL_CONVERSION = YES;
				CLANG_WARN_OBJC_ROOT_CLASS = YES_ERROR;
				CLANG_WARN_QUOTED_INCLUDE_IN_FRAMEWORK_HEADER = YES;
				CLANG_WARN_RANGE_LOOP_ANALYSIS = YES;
				CLANG_WARN_STRICT_PROTOTYPES = YES;
				CLANG_WARN_SUSPICIOUS_MOVE = YES;
				CLANG_WARN_UNGUARDED_AVAILABILITY = YES_AGGRESSIVE;
				CLANG_WARN_UNREACHABLE_CODE = YES;
				CLANG_WARN__DUPLICATE_METHOD_MATCH = YES;
				COPY_PHASE_STRIP = NO;
				CURRENT_PROJECT_VERSION = 1;
				DEBUG_INFORMATION_FORMAT = "dwarf-with-dsym";
				ENABLE_NS_ASSERTIONS = NO;
				ENABLE_STRICT_OBJC_MSGSEND = YES;
				ENABLE_USER_SCRIPT_SANDBOXING = YES;
				GCC_C_LANGUAGE_STANDARD = gnu17;
				GCC_NO_COMMON_BLOCKS = YES;
				GCC_WARN_64_TO_32_BIT_CONVERSION = YES;
				GCC_WARN_ABOUT_RETURN_TYPE = YES_ERROR;
				GCC_WARN_UNDECLARED_SELECTOR = YES;
				GCC_WARN_UNINITIALIZED_AUTOS = YES_AGGRESSIVE;
				GCC_WARN_UNUSED_FUNCTION = YES;
				GCC_WARN_UNUSED_VARIABLE = YES;
				IPHONEOS_DEPLOYMENT_TARGET = 17.4;
				LOCALIZATION_PREFERS_STRING_CATALOGS = YES;
				MTL_ENABLE_DEBUG_INFO = NO;
				MTL_FAST_MATH = YES;
				SDKROOT = iphoneos;
				SWIFT_COMPILATION_MODE = wholemodule;
				VALIDATE_PRODUCT = YES;
				VERSIONING_SYSTEM = "apple-generic";
				VERSION_INFO_PREFIX = "";
			};
			name = Release;
		};
		EF28D8542C079CEB00EE0DBF /* Debug */ = {
			isa = XCBuildConfiguration;
			buildSettings = {
				BUILD_LIBRARY_FOR_DISTRIBUTION = YES;
				CODE_SIGN_STYLE = Automatic;
				CURRENT_PROJECT_VERSION = 1;
				DEFINES_MODULE = YES;
				DEVELOPMENT_TEAM = KPGYDGPJU8;
				DYLIB_COMPATIBILITY_VERSION = 1;
				DYLIB_CURRENT_VERSION = 1;
				DYLIB_INSTALL_NAME_BASE = "@rpath";
				ENABLE_MODULE_VERIFIER = YES;
				GENERATE_INFOPLIST_FILE = YES;
				INFOPLIST_KEY_NSHumanReadableCopyright = "";
				INSTALL_PATH = "$(LOCAL_LIBRARY_DIR)/Frameworks";
				LD_RUNPATH_SEARCH_PATHS = (
					"$(inherited)",
					"@executable_path/Frameworks",
					"@loader_path/Frameworks",
				);
				MARKETING_VERSION = 1.0;
				MODULE_VERIFIER_SUPPORTED_LANGUAGES = "objective-c objective-c++";
				MODULE_VERIFIER_SUPPORTED_LANGUAGE_STANDARDS = "gnu17 gnu++20";
				PRODUCT_BUNDLE_IDENTIFIER = com.ephod.lib.Hermes;
				PRODUCT_NAME = "$(TARGET_NAME:c99extidentifier)";
				SKIP_INSTALL = YES;
				SWIFT_EMIT_LOC_STRINGS = YES;
				SWIFT_INSTALL_OBJC_HEADER = NO;
				SWIFT_VERSION = 5.0;
				TARGETED_DEVICE_FAMILY = "1,2";
			};
			name = Debug;
		};
		EF28D8552C079CEB00EE0DBF /* Release */ = {
			isa = XCBuildConfiguration;
			buildSettings = {
				BUILD_LIBRARY_FOR_DISTRIBUTION = YES;
				CODE_SIGN_STYLE = Automatic;
				CURRENT_PROJECT_VERSION = 1;
				DEFINES_MODULE = YES;
				DEVELOPMENT_TEAM = KPGYDGPJU8;
				DYLIB_COMPATIBILITY_VERSION = 1;
				DYLIB_CURRENT_VERSION = 1;
				DYLIB_INSTALL_NAME_BASE = "@rpath";
				ENABLE_MODULE_VERIFIER = YES;
				GENERATE_INFOPLIST_FILE = YES;
				INFOPLIST_KEY_NSHumanReadableCopyright = "";
				INSTALL_PATH = "$(LOCAL_LIBRARY_DIR)/Frameworks";
				LD_RUNPATH_SEARCH_PATHS = (
					"$(inherited)",
					"@executable_path/Frameworks",
					"@loader_path/Frameworks",
				);
				MARKETING_VERSION = 1.0;
				MODULE_VERIFIER_SUPPORTED_LANGUAGES = "objective-c objective-c++";
				MODULE_VERIFIER_SUPPORTED_LANGUAGE_STANDARDS = "gnu17 gnu++20";
				PRODUCT_BUNDLE_IDENTIFIER = com.ephod.lib.Hermes;
				PRODUCT_NAME = "$(TARGET_NAME:c99extidentifier)";
				SKIP_INSTALL = YES;
				SWIFT_EMIT_LOC_STRINGS = YES;
				SWIFT_INSTALL_OBJC_HEADER = NO;
				SWIFT_VERSION = 5.0;
				TARGETED_DEVICE_FAMILY = "1,2";
			};
			name = Release;
		};
		EF28D8572C079CEB00EE0DBF /* Debug */ = {
			isa = XCBuildConfiguration;
			buildSettings = {
				CODE_SIGN_STYLE = Automatic;
				CURRENT_PROJECT_VERSION = 1;
				DEVELOPMENT_TEAM = KPGYDGPJU8;
				GENERATE_INFOPLIST_FILE = YES;
				MARKETING_VERSION = 1.0;
				PRODUCT_BUNDLE_IDENTIFIER = com.ephod.lib.HermesTests;
				PRODUCT_NAME = "$(TARGET_NAME)";
				SWIFT_EMIT_LOC_STRINGS = NO;
				SWIFT_VERSION = 5.0;
				TARGETED_DEVICE_FAMILY = "1,2";
			};
			name = Debug;
		};
		EF28D8582C079CEB00EE0DBF /* Release */ = {
			isa = XCBuildConfiguration;
			buildSettings = {
				CODE_SIGN_STYLE = Automatic;
				CURRENT_PROJECT_VERSION = 1;
				DEVELOPMENT_TEAM = KPGYDGPJU8;
				GENERATE_INFOPLIST_FILE = YES;
				MARKETING_VERSION = 1.0;
				PRODUCT_BUNDLE_IDENTIFIER = com.ephod.lib.HermesTests;
				PRODUCT_NAME = "$(TARGET_NAME)";
				SWIFT_EMIT_LOC_STRINGS = NO;
				SWIFT_VERSION = 5.0;
				TARGETED_DEVICE_FAMILY = "1,2";
			};
			name = Release;
		};
		EF28D8722C079D0100EE0DBF /* Debug */ = {
			isa = XCBuildConfiguration;
			buildSettings = {
				ASSETCATALOG_COMPILER_APPICON_NAME = AppIcon;
				ASSETCATALOG_COMPILER_GLOBAL_ACCENT_COLOR_NAME = AccentColor;
				CODE_SIGN_STYLE = Automatic;
				CURRENT_PROJECT_VERSION = 1;
				DEVELOPMENT_TEAM = KPGYDGPJU8;
				GENERATE_INFOPLIST_FILE = YES;
				INFOPLIST_FILE = HermesExample/Info.plist;
				INFOPLIST_KEY_UIApplicationSupportsIndirectInputEvents = YES;
				INFOPLIST_KEY_UILaunchStoryboardName = LaunchScreen;
				INFOPLIST_KEY_UIMainStoryboardFile = Main;
				INFOPLIST_KEY_UISupportedInterfaceOrientations_iPad = "UIInterfaceOrientationPortrait UIInterfaceOrientationPortraitUpsideDown UIInterfaceOrientationLandscapeLeft UIInterfaceOrientationLandscapeRight";
				INFOPLIST_KEY_UISupportedInterfaceOrientations_iPhone = "UIInterfaceOrientationPortrait UIInterfaceOrientationLandscapeLeft UIInterfaceOrientationLandscapeRight";
				LD_RUNPATH_SEARCH_PATHS = (
					"$(inherited)",
					"@executable_path/Frameworks",
				);
				MARKETING_VERSION = 1.0;
				PRODUCT_BUNDLE_IDENTIFIER = com.ephod.lib.HermesExample;
				PRODUCT_NAME = "$(TARGET_NAME)";
				SWIFT_EMIT_LOC_STRINGS = YES;
				SWIFT_VERSION = 5.0;
				TARGETED_DEVICE_FAMILY = "1,2";
			};
			name = Debug;
		};
		EF28D8732C079D0100EE0DBF /* Release */ = {
			isa = XCBuildConfiguration;
			buildSettings = {
				ASSETCATALOG_COMPILER_APPICON_NAME = AppIcon;
				ASSETCATALOG_COMPILER_GLOBAL_ACCENT_COLOR_NAME = AccentColor;
				CODE_SIGN_STYLE = Automatic;
				CURRENT_PROJECT_VERSION = 1;
				DEVELOPMENT_TEAM = KPGYDGPJU8;
				GENERATE_INFOPLIST_FILE = YES;
				INFOPLIST_FILE = HermesExample/Info.plist;
				INFOPLIST_KEY_UIApplicationSupportsIndirectInputEvents = YES;
				INFOPLIST_KEY_UILaunchStoryboardName = LaunchScreen;
				INFOPLIST_KEY_UIMainStoryboardFile = Main;
				INFOPLIST_KEY_UISupportedInterfaceOrientations_iPad = "UIInterfaceOrientationPortrait UIInterfaceOrientationPortraitUpsideDown UIInterfaceOrientationLandscapeLeft UIInterfaceOrientationLandscapeRight";
				INFOPLIST_KEY_UISupportedInterfaceOrientations_iPhone = "UIInterfaceOrientationPortrait UIInterfaceOrientationLandscapeLeft UIInterfaceOrientationLandscapeRight";
				LD_RUNPATH_SEARCH_PATHS = (
					"$(inherited)",
					"@executable_path/Frameworks",
				);
				MARKETING_VERSION = 1.0;
				PRODUCT_BUNDLE_IDENTIFIER = com.ephod.lib.HermesExample;
				PRODUCT_NAME = "$(TARGET_NAME)";
				SWIFT_EMIT_LOC_STRINGS = YES;
				SWIFT_VERSION = 5.0;
				TARGETED_DEVICE_FAMILY = "1,2";
			};
			name = Release;
		};
/* End XCBuildConfiguration section */

/* Begin XCConfigurationList section */
		EF28D8392C079CEB00EE0DBF /* Build configuration list for PBXProject "Hermes" */ = {
			isa = XCConfigurationList;
			buildConfigurations = (
				EF28D8512C079CEB00EE0DBF /* Debug */,
				EF28D8522C079CEB00EE0DBF /* Release */,
			);
			defaultConfigurationIsVisible = 0;
			defaultConfigurationName = Release;
		};
		EF28D8532C079CEB00EE0DBF /* Build configuration list for PBXNativeTarget "Hermes" */ = {
			isa = XCConfigurationList;
			buildConfigurations = (
				EF28D8542C079CEB00EE0DBF /* Debug */,
				EF28D8552C079CEB00EE0DBF /* Release */,
			);
			defaultConfigurationIsVisible = 0;
			defaultConfigurationName = Release;
		};
		EF28D8562C079CEB00EE0DBF /* Build configuration list for PBXNativeTarget "HermesTests" */ = {
			isa = XCConfigurationList;
			buildConfigurations = (
				EF28D8572C079CEB00EE0DBF /* Debug */,
				EF28D8582C079CEB00EE0DBF /* Release */,
			);
			defaultConfigurationIsVisible = 0;
			defaultConfigurationName = Release;
		};
		EF28D8712C079D0100EE0DBF /* Build configuration list for PBXNativeTarget "HermesExample" */ = {
			isa = XCConfigurationList;
			buildConfigurations = (
				EF28D8722C079D0100EE0DBF /* Debug */,
				EF28D8732C079D0100EE0DBF /* Release */,
			);
			defaultConfigurationIsVisible = 0;
			defaultConfigurationName = Release;
		};
/* End XCConfigurationList section */

/* Begin XCVersionGroup section */
		EF28D8682C079D0000EE0DBF /* HermesExample.xcdatamodeld */ = {
			isa = XCVersionGroup;
			children = (
				EF28D8692C079D0000EE0DBF /* HermesExample.xcdatamodel */,
			);
			currentVersion = EF28D8692C079D0000EE0DBF /* HermesExample.xcdatamodel */;
			path = HermesExample.xcdatamodeld;
			sourceTree = "<group>";
			versionGroupType = wrapper.xcdatamodel;
		};
/* End XCVersionGroup section */
	};
	rootObject = EF28D8362C079CEB00EE0DBF /* Project object */;
}
