// !$*UTF8*$!
{
	archiveVersion = 1;
	classes = {
	};
	objectVersion = 56;
	objects = {

/* Begin PBXBuildFile section */
		B335D6F7A70728E86670B175 /* Pods_hermes_widget_ios.framework in Frameworks */ = {isa = PBXBuildFile; fileRef = 8DA3FF322D07EB6F21D5B877 /* Pods_hermes_widget_ios.framework */; };
		EF2489C72BE94410008E60F4 /* MarkdownUI in Frameworks */ = {isa = PBXBuildFile; productRef = EF2489C62BE94410008E60F4 /* MarkdownUI */; };
		EFCECF1A2974511900B75102 /* AppDelegate.swift in Sources */ = {isa = PBXBuildFile; fileRef = EFCECF192974511900B75102 /* AppDelegate.swift */; };
		EFCECF1C2974511900B75102 /* SceneDelegate.swift in Sources */ = {isa = PBXBuildFile; fileRef = EFCECF1B2974511900B75102 /* SceneDelegate.swift */; };
		EFCECF1E2974511900B75102 /* ViewController.swift in Sources */ = {isa = PBXBuildFile; fileRef = EFCECF1D2974511900B75102 /* ViewController.swift */; };
		EFCECF212974511900B75102 /* Main.storyboard in Resources */ = {isa = PBXBuildFile; fileRef = EFCECF1F2974511900B75102 /* Main.storyboard */; };
		EFCECF232974511C00B75102 /* Assets.xcassets in Resources */ = {isa = PBXBuildFile; fileRef = EFCECF222974511C00B75102 /* Assets.xcassets */; };
		EFCECF262974511C00B75102 /* LaunchScreen.storyboard in Resources */ = {isa = PBXBuildFile; fileRef = EFCECF242974511C00B75102 /* LaunchScreen.storyboard */; };
		EFCECF2F29748F5900B75102 /* Home.swift in Sources */ = {isa = PBXBuildFile; fileRef = EFCECF2E29748F5900B75102 /* Home.swift */; };
		EFCECF332974959300B75102 /* ChangelogResult.swift in Sources */ = {isa = PBXBuildFile; fileRef = EFCECF322974959300B75102 /* ChangelogResult.swift */; };
		EFCECF372974976000B75102 /* Constants.swift in Sources */ = {isa = PBXBuildFile; fileRef = EFCECF362974976000B75102 /* Constants.swift */; };
		EFCECF3A2974980E00B75102 /* ChangelogViewModel.swift in Sources */ = {isa = PBXBuildFile; fileRef = EFCECF392974980E00B75102 /* ChangelogViewModel.swift */; };
		EFCECF3C29749C9B00B75102 /* ChangelogView.swift in Sources */ = {isa = PBXBuildFile; fileRef = EFCECF3B29749C9B00B75102 /* ChangelogView.swift */; };
		EFCECF3F2974A2A800B75102 /* ViewObserver.swift in Sources */ = {isa = PBXBuildFile; fileRef = EFCECF3E2974A2A800B75102 /* ViewObserver.swift */; };
		EFCECF502974B9AF00B75102 /* TTInterfaces-Black.ttf in Resources */ = {isa = PBXBuildFile; fileRef = EFCECF4B2974B9AF00B75102 /* TTInterfaces-Black.ttf */; };
		EFCECF512974B9AF00B75102 /* TTInterfaces-Regular.ttf in Resources */ = {isa = PBXBuildFile; fileRef = EFCECF4C2974B9AF00B75102 /* TTInterfaces-Regular.ttf */; };
		EFCECF522974B9AF00B75102 /* TTInterfaces-Medium.ttf in Resources */ = {isa = PBXBuildFile; fileRef = EFCECF4D2974B9AF00B75102 /* TTInterfaces-Medium.ttf */; };
		EFCECF532974B9AF00B75102 /* TTInterfaces-ExtraBold.ttf in Resources */ = {isa = PBXBuildFile; fileRef = EFCECF4E2974B9AF00B75102 /* TTInterfaces-ExtraBold.ttf */; };
		EFCECF542974B9AF00B75102 /* TTInterfaces-Bold.ttf in Resources */ = {isa = PBXBuildFile; fileRef = EFCECF4F2974B9AF00B75102 /* TTInterfaces-Bold.ttf */; };
		EFCECF562974BBEA00B75102 /* FontsManager.swift in Sources */ = {isa = PBXBuildFile; fileRef = EFCECF552974BBEA00B75102 /* FontsManager.swift */; };
/* End PBXBuildFile section */

/* Begin PBXFileReference section */
		784CDD772960655F490E101F /* Pods-hermes-widget-ios.release.xcconfig */ = {isa = PBXFileReference; includeInIndex = 1; lastKnownFileType = text.xcconfig; name = "Pods-hermes-widget-ios.release.xcconfig"; path = "Target Support Files/Pods-hermes-widget-ios/Pods-hermes-widget-ios.release.xcconfig"; sourceTree = "<group>"; };
		8DA3FF322D07EB6F21D5B877 /* Pods_hermes_widget_ios.framework */ = {isa = PBXFileReference; explicitFileType = wrapper.framework; includeInIndex = 0; path = Pods_hermes_widget_ios.framework; sourceTree = BUILT_PRODUCTS_DIR; };
		A17257938E56984D3E7BEC07 /* Pods-hermes-widget-ios.debug.xcconfig */ = {isa = PBXFileReference; includeInIndex = 1; lastKnownFileType = text.xcconfig; name = "Pods-hermes-widget-ios.debug.xcconfig"; path = "Target Support Files/Pods-hermes-widget-ios/Pods-hermes-widget-ios.debug.xcconfig"; sourceTree = "<group>"; };
		EFCECF162974511900B75102 /* hermes-widget-ios.app */ = {isa = PBXFileReference; explicitFileType = wrapper.application; includeInIndex = 0; path = "hermes-widget-ios.app"; sourceTree = BUILT_PRODUCTS_DIR; };
		EFCECF192974511900B75102 /* AppDelegate.swift */ = {isa = PBXFileReference; lastKnownFileType = sourcecode.swift; path = AppDelegate.swift; sourceTree = "<group>"; };
		EFCECF1B2974511900B75102 /* SceneDelegate.swift */ = {isa = PBXFileReference; lastKnownFileType = sourcecode.swift; path = SceneDelegate.swift; sourceTree = "<group>"; };
		EFCECF1D2974511900B75102 /* ViewController.swift */ = {isa = PBXFileReference; lastKnownFileType = sourcecode.swift; path = ViewController.swift; sourceTree = "<group>"; };
		EFCECF202974511900B75102 /* Base */ = {isa = PBXFileReference; lastKnownFileType = file.storyboard; name = Base; path = Base.lproj/Main.storyboard; sourceTree = "<group>"; };
		EFCECF222974511C00B75102 /* Assets.xcassets */ = {isa = PBXFileReference; lastKnownFileType = folder.assetcatalog; path = Assets.xcassets; sourceTree = "<group>"; };
		EFCECF252974511C00B75102 /* Base */ = {isa = PBXFileReference; lastKnownFileType = file.storyboard; name = Base; path = Base.lproj/LaunchScreen.storyboard; sourceTree = "<group>"; };
		EFCECF272974511C00B75102 /* Info.plist */ = {isa = PBXFileReference; lastKnownFileType = text.plist.xml; path = Info.plist; sourceTree = "<group>"; };
		EFCECF2E29748F5900B75102 /* Home.swift */ = {isa = PBXFileReference; lastKnownFileType = sourcecode.swift; path = Home.swift; sourceTree = "<group>"; };
		EFCECF322974959300B75102 /* ChangelogResult.swift */ = {isa = PBXFileReference; lastKnownFileType = sourcecode.swift; path = ChangelogResult.swift; sourceTree = "<group>"; };
		EFCECF362974976000B75102 /* Constants.swift */ = {isa = PBXFileReference; lastKnownFileType = sourcecode.swift; path = Constants.swift; sourceTree = "<group>"; };
		EFCECF392974980E00B75102 /* ChangelogViewModel.swift */ = {isa = PBXFileReference; lastKnownFileType = sourcecode.swift; path = ChangelogViewModel.swift; sourceTree = "<group>"; };
		EFCECF3B29749C9B00B75102 /* ChangelogView.swift */ = {isa = PBXFileReference; lastKnownFileType = sourcecode.swift; path = ChangelogView.swift; sourceTree = "<group>"; };
		EFCECF3E2974A2A800B75102 /* ViewObserver.swift */ = {isa = PBXFileReference; lastKnownFileType = sourcecode.swift; path = ViewObserver.swift; sourceTree = "<group>"; };
		EFCECF4B2974B9AF00B75102 /* TTInterfaces-Black.ttf */ = {isa = PBXFileReference; lastKnownFileType = file; path = "TTInterfaces-Black.ttf"; sourceTree = "<group>"; };
		EFCECF4C2974B9AF00B75102 /* TTInterfaces-Regular.ttf */ = {isa = PBXFileReference; lastKnownFileType = file; path = "TTInterfaces-Regular.ttf"; sourceTree = "<group>"; };
		EFCECF4D2974B9AF00B75102 /* TTInterfaces-Medium.ttf */ = {isa = PBXFileReference; lastKnownFileType = file; path = "TTInterfaces-Medium.ttf"; sourceTree = "<group>"; };
		EFCECF4E2974B9AF00B75102 /* TTInterfaces-ExtraBold.ttf */ = {isa = PBXFileReference; lastKnownFileType = file; path = "TTInterfaces-ExtraBold.ttf"; sourceTree = "<group>"; };
		EFCECF4F2974B9AF00B75102 /* TTInterfaces-Bold.ttf */ = {isa = PBXFileReference; lastKnownFileType = file; path = "TTInterfaces-Bold.ttf"; sourceTree = "<group>"; };
		EFCECF552974BBEA00B75102 /* FontsManager.swift */ = {isa = PBXFileReference; lastKnownFileType = sourcecode.swift; path = FontsManager.swift; sourceTree = "<group>"; };
/* End PBXFileReference section */

/* Begin PBXFrameworksBuildPhase section */
		EFCECF132974511900B75102 /* Frameworks */ = {
			isa = PBXFrameworksBuildPhase;
			buildActionMask = 2147483647;
			files = (
				B335D6F7A70728E86670B175 /* Pods_hermes_widget_ios.framework in Frameworks */,
				EF2489C72BE94410008E60F4 /* MarkdownUI in Frameworks */,
			);
			runOnlyForDeploymentPostprocessing = 0;
		};
/* End PBXFrameworksBuildPhase section */

/* Begin PBXGroup section */
		501A619F17157494363FF885 /* Pods */ = {
			isa = PBXGroup;
			children = (
				A17257938E56984D3E7BEC07 /* Pods-hermes-widget-ios.debug.xcconfig */,
				784CDD772960655F490E101F /* Pods-hermes-widget-ios.release.xcconfig */,
			);
			path = Pods;
			sourceTree = "<group>";
		};
		A137EC8F353E403BE7CAF2AB /* Frameworks */ = {
			isa = PBXGroup;
			children = (
				8DA3FF322D07EB6F21D5B877 /* Pods_hermes_widget_ios.framework */,
			);
			name = Frameworks;
			sourceTree = "<group>";
		};
		EF2489C12BE93A38008E60F4 /* CustomViews */ = {
			isa = PBXGroup;
			children = (
			);
			path = CustomViews;
			sourceTree = "<group>";
		};
		EFCECF0D2974511900B75102 = {
			isa = PBXGroup;
			children = (
				EFCECF182974511900B75102 /* hermes-widget-ios */,
				EFCECF172974511900B75102 /* Products */,
				501A619F17157494363FF885 /* Pods */,
				A137EC8F353E403BE7CAF2AB /* Frameworks */,
			);
			sourceTree = "<group>";
		};
		EFCECF172974511900B75102 /* Products */ = {
			isa = PBXGroup;
			children = (
				EFCECF162974511900B75102 /* hermes-widget-ios.app */,
			);
			name = Products;
			sourceTree = "<group>";
		};
		EFCECF182974511900B75102 /* hermes-widget-ios */ = {
			isa = PBXGroup;
			children = (
				EFCECF402974B53F00B75102 /* Fonts */,
				EF2489C12BE93A38008E60F4 /* CustomViews */,
				EFCECF3D2974A27F00B75102 /* Observables */,
				EFCECF382974980000B75102 /* ViewModels */,
				EFCECF352974975300B75102 /* Core */,
				EFCECF312974958500B75102 /* Codables */,
				EFCECF2D29748F4200B75102 /* Screens */,
				EFCECF192974511900B75102 /* AppDelegate.swift */,
				EFCECF1B2974511900B75102 /* SceneDelegate.swift */,
				EFCECF1D2974511900B75102 /* ViewController.swift */,
				EFCECF222974511C00B75102 /* Assets.xcassets */,
				EFCECF242974511C00B75102 /* LaunchScreen.storyboard */,
				EFCECF272974511C00B75102 /* Info.plist */,
			);
			path = "hermes-widget-ios";
			sourceTree = "<group>";
		};
		EFCECF2D29748F4200B75102 /* Screens */ = {
			isa = PBXGroup;
			children = (
				EFCECF3029748F9B00B75102 /* SwiftUI */,
				EFCECF1F2974511900B75102 /* Main.storyboard */,
			);
			path = Screens;
			sourceTree = "<group>";
		};
		EFCECF3029748F9B00B75102 /* SwiftUI */ = {
			isa = PBXGroup;
			children = (
				EFCECF2E29748F5900B75102 /* Home.swift */,
				EFCECF3B29749C9B00B75102 /* ChangelogView.swift */,
			);
			path = SwiftUI;
			sourceTree = "<group>";
		};
		EFCECF312974958500B75102 /* Codables */ = {
			isa = PBXGroup;
			children = (
				EFCECF322974959300B75102 /* ChangelogResult.swift */,
			);
			path = Codables;
			sourceTree = "<group>";
		};
		EFCECF352974975300B75102 /* Core */ = {
			isa = PBXGroup;
			children = (
				EFCECF362974976000B75102 /* Constants.swift */,
			);
			path = Core;
			sourceTree = "<group>";
		};
		EFCECF382974980000B75102 /* ViewModels */ = {
			isa = PBXGroup;
			children = (
				EFCECF392974980E00B75102 /* ChangelogViewModel.swift */,
			);
			path = ViewModels;
			sourceTree = "<group>";
		};
		EFCECF3D2974A27F00B75102 /* Observables */ = {
			isa = PBXGroup;
			children = (
				EFCECF3E2974A2A800B75102 /* ViewObserver.swift */,
			);
			path = Observables;
			sourceTree = "<group>";
		};
		EFCECF402974B53F00B75102 /* Fonts */ = {
			isa = PBXGroup;
			children = (
				EFCECF4B2974B9AF00B75102 /* TTInterfaces-Black.ttf */,
				EFCECF4F2974B9AF00B75102 /* TTInterfaces-Bold.ttf */,
				EFCECF4E2974B9AF00B75102 /* TTInterfaces-ExtraBold.ttf */,
				EFCECF4D2974B9AF00B75102 /* TTInterfaces-Medium.ttf */,
				EFCECF4C2974B9AF00B75102 /* TTInterfaces-Regular.ttf */,
				EFCECF552974BBEA00B75102 /* FontsManager.swift */,
			);
			path = Fonts;
			sourceTree = "<group>";
		};
/* End PBXGroup section */

/* Begin PBXNativeTarget section */
		EFCECF152974511900B75102 /* hermes-widget-ios */ = {
			isa = PBXNativeTarget;
			buildConfigurationList = EFCECF2A2974511C00B75102 /* Build configuration list for PBXNativeTarget "hermes-widget-ios" */;
			buildPhases = (
				F30F1082784BEF9C2A08C32A /* [CP] Check Pods Manifest.lock */,
				EFCECF122974511900B75102 /* Sources */,
				EFCECF132974511900B75102 /* Frameworks */,
				EFCECF142974511900B75102 /* Resources */,
				E13C7E0551A7B6EE1AE6E730 /* [CP] Embed Pods Frameworks */,
			);
			buildRules = (
			);
			dependencies = (
			);
			name = "hermes-widget-ios";
			packageProductDependencies = (
				EF2489C62BE94410008E60F4 /* MarkdownUI */,
			);
			productName = "hermes-widget-ios";
			productReference = EFCECF162974511900B75102 /* hermes-widget-ios.app */;
			productType = "com.apple.product-type.application";
		};
/* End PBXNativeTarget section */

/* Begin PBXProject section */
		EFCECF0E2974511900B75102 /* Project object */ = {
			isa = PBXProject;
			attributes = {
				BuildIndependentTargetsInParallel = 1;
				LastSwiftUpdateCheck = 1420;
				LastUpgradeCheck = 1420;
				TargetAttributes = {
					EFCECF152974511900B75102 = {
						CreatedOnToolsVersion = 14.2;
					};
				};
			};
			buildConfigurationList = EFCECF112974511900B75102 /* Build configuration list for PBXProject "hermes-widget-ios" */;
			compatibilityVersion = "Xcode 14.0";
			developmentRegion = en;
			hasScannedForEncodings = 0;
			knownRegions = (
				en,
				Base,
			);
			mainGroup = EFCECF0D2974511900B75102;
			packageReferences = (
				EF2489C52BE94410008E60F4 /* XCRemoteSwiftPackageReference "swift-markdown-ui" */,
			);
			productRefGroup = EFCECF172974511900B75102 /* Products */;
			projectDirPath = "";
			projectRoot = "";
			targets = (
				EFCECF152974511900B75102 /* hermes-widget-ios */,
			);
		};
/* End PBXProject section */

/* Begin PBXResourcesBuildPhase section */
		EFCECF142974511900B75102 /* Resources */ = {
			isa = PBXResourcesBuildPhase;
			buildActionMask = 2147483647;
			files = (
				EFCECF502974B9AF00B75102 /* TTInterfaces-Black.ttf in Resources */,
				EFCECF512974B9AF00B75102 /* TTInterfaces-Regular.ttf in Resources */,
				EFCECF532974B9AF00B75102 /* TTInterfaces-ExtraBold.ttf in Resources */,
				EFCECF542974B9AF00B75102 /* TTInterfaces-Bold.ttf in Resources */,
				EFCECF262974511C00B75102 /* LaunchScreen.storyboard in Resources */,
				EFCECF522974B9AF00B75102 /* TTInterfaces-Medium.ttf in Resources */,
				EFCECF232974511C00B75102 /* Assets.xcassets in Resources */,
				EFCECF212974511900B75102 /* Main.storyboard in Resources */,
			);
			runOnlyForDeploymentPostprocessing = 0;
		};
/* End PBXResourcesBuildPhase section */

/* Begin PBXShellScriptBuildPhase section */
		E13C7E0551A7B6EE1AE6E730 /* [CP] Embed Pods Frameworks */ = {
			isa = PBXShellScriptBuildPhase;
			buildActionMask = 2147483647;
			files = (
			);
			inputFileListPaths = (
				"${PODS_ROOT}/Target Support Files/Pods-hermes-widget-ios/Pods-hermes-widget-ios-frameworks-${CONFIGURATION}-input-files.xcfilelist",
			);
			name = "[CP] Embed Pods Frameworks";
			outputFileListPaths = (
				"${PODS_ROOT}/Target Support Files/Pods-hermes-widget-ios/Pods-hermes-widget-ios-frameworks-${CONFIGURATION}-output-files.xcfilelist",
			);
			runOnlyForDeploymentPostprocessing = 0;
			shellPath = /bin/sh;
			shellScript = "\"${PODS_ROOT}/Target Support Files/Pods-hermes-widget-ios/Pods-hermes-widget-ios-frameworks.sh\"\n";
			showEnvVarsInLog = 0;
		};
		F30F1082784BEF9C2A08C32A /* [CP] Check Pods Manifest.lock */ = {
			isa = PBXShellScriptBuildPhase;
			buildActionMask = 2147483647;
			files = (
			);
			inputFileListPaths = (
			);
			inputPaths = (
				"${PODS_PODFILE_DIR_PATH}/Podfile.lock",
				"${PODS_ROOT}/Manifest.lock",
			);
			name = "[CP] Check Pods Manifest.lock";
			outputFileListPaths = (
			);
			outputPaths = (
				"$(DERIVED_FILE_DIR)/Pods-hermes-widget-ios-checkManifestLockResult.txt",
			);
			runOnlyForDeploymentPostprocessing = 0;
			shellPath = /bin/sh;
			shellScript = "diff \"${PODS_PODFILE_DIR_PATH}/Podfile.lock\" \"${PODS_ROOT}/Manifest.lock\" > /dev/null\nif [ $? != 0 ] ; then\n    # print error to STDERR\n    echo \"error: The sandbox is not in sync with the Podfile.lock. Run 'pod install' or update your CocoaPods installation.\" >&2\n    exit 1\nfi\n# This output is used by Xcode 'outputs' to avoid re-running this script phase.\necho \"SUCCESS\" > \"${SCRIPT_OUTPUT_FILE_0}\"\n";
			showEnvVarsInLog = 0;
		};
/* End PBXShellScriptBuildPhase section */

/* Begin PBXSourcesBuildPhase section */
		EFCECF122974511900B75102 /* Sources */ = {
			isa = PBXSourcesBuildPhase;
			buildActionMask = 2147483647;
			files = (
				EFCECF3A2974980E00B75102 /* ChangelogViewModel.swift in Sources */,
				EFCECF1E2974511900B75102 /* ViewController.swift in Sources */,
				EFCECF562974BBEA00B75102 /* FontsManager.swift in Sources */,
				EFCECF3C29749C9B00B75102 /* ChangelogView.swift in Sources */,
				EFCECF3F2974A2A800B75102 /* ViewObserver.swift in Sources */,
				EFCECF1A2974511900B75102 /* AppDelegate.swift in Sources */,
				EFCECF2F29748F5900B75102 /* Home.swift in Sources */,
				EFCECF332974959300B75102 /* ChangelogResult.swift in Sources */,
				EFCECF1C2974511900B75102 /* SceneDelegate.swift in Sources */,
				EFCECF372974976000B75102 /* Constants.swift in Sources */,
			);
			runOnlyForDeploymentPostprocessing = 0;
		};
/* End PBXSourcesBuildPhase section */

/* Begin PBXVariantGroup section */
		EFCECF1F2974511900B75102 /* Main.storyboard */ = {
			isa = PBXVariantGroup;
			children = (
				EFCECF202974511900B75102 /* Base */,
			);
			name = Main.storyboard;
			sourceTree = "<group>";
		};
		EFCECF242974511C00B75102 /* LaunchScreen.storyboard */ = {
			isa = PBXVariantGroup;
			children = (
				EFCECF252974511C00B75102 /* Base */,
			);
			name = LaunchScreen.storyboard;
			sourceTree = "<group>";
		};
/* End PBXVariantGroup section */

/* Begin XCBuildConfiguration section */
		EFCECF282974511C00B75102 /* Debug */ = {
			isa = XCBuildConfiguration;
			buildSettings = {
				ALWAYS_SEARCH_USER_PATHS = NO;
				CLANG_ANALYZER_NONNULL = YES;
				CLANG_ANALYZER_NUMBER_OBJECT_CONVERSION = YES_AGGRESSIVE;
				CLANG_CXX_LANGUAGE_STANDARD = "gnu++20";
				CLANG_ENABLE_MODULES = YES;
				CLANG_ENABLE_OBJC_ARC = YES;
				CLANG_ENABLE_OBJC_WEAK = YES;
				CLANG_WARN_BLOCK_CAPTURE_AUTORELEASING = YES;
				CLANG_WARN_BOOL_CONVERSION = YES;
				CLANG_WARN_COMMA = YES;
				CLANG_WARN_CONSTANT_CONVERSION = YES;
				CLANG_WARN_DEPRECATED_OBJC_IMPLEMENTATIONS = YES;
				CLANG_WARN_DIRECT_OBJC_ISA_USAGE = YES_ERROR;
				CLANG_WARN_DOCUMENTATION_COMMENTS = YES;
				CLANG_WARN_EMPTY_BODY = YES;
				CLANG_WARN_ENUM_CONVERSION = YES;
				CLANG_WARN_INFINITE_RECURSION = YES;
				CLANG_WARN_INT_CONVERSION = YES;
				CLANG_WARN_NON_LITERAL_NULL_CONVERSION = YES;
				CLANG_WARN_OBJC_IMPLICIT_RETAIN_SELF = YES;
				CLANG_WARN_OBJC_LITERAL_CONVERSION = YES;
				CLANG_WARN_OBJC_ROOT_CLASS = YES_ERROR;
				CLANG_WARN_QUOTED_INCLUDE_IN_FRAMEWORK_HEADER = YES;
				CLANG_WARN_RANGE_LOOP_ANALYSIS = YES;
				CLANG_WARN_STRICT_PROTOTYPES = YES;
				CLANG_WARN_SUSPICIOUS_MOVE = YES;
				CLANG_WARN_UNGUARDED_AVAILABILITY = YES_AGGRESSIVE;
				CLANG_WARN_UNREACHABLE_CODE = YES;
				CLANG_WARN__DUPLICATE_METHOD_MATCH = YES;
				COPY_PHASE_STRIP = NO;
				DEBUG_INFORMATION_FORMAT = dwarf;
				ENABLE_STRICT_OBJC_MSGSEND = YES;
				ENABLE_TESTABILITY = YES;
				GCC_C_LANGUAGE_STANDARD = gnu11;
				GCC_DYNAMIC_NO_PIC = NO;
				GCC_NO_COMMON_BLOCKS = YES;
				GCC_OPTIMIZATION_LEVEL = 0;
				GCC_PREPROCESSOR_DEFINITIONS = (
					"DEBUG=1",
					"$(inherited)",
				);
				GCC_WARN_64_TO_32_BIT_CONVERSION = YES;
				GCC_WARN_ABOUT_RETURN_TYPE = YES_ERROR;
				GCC_WARN_UNDECLARED_SELECTOR = YES;
				GCC_WARN_UNINITIALIZED_AUTOS = YES_AGGRESSIVE;
				GCC_WARN_UNUSED_FUNCTION = YES;
				GCC_WARN_UNUSED_VARIABLE = YES;
				IPHONEOS_DEPLOYMENT_TARGET = 15.0;
				MTL_ENABLE_DEBUG_INFO = INCLUDE_SOURCE;
				MTL_FAST_MATH = YES;
				ONLY_ACTIVE_ARCH = YES;
				SDKROOT = iphoneos;
				SWIFT_ACTIVE_COMPILATION_CONDITIONS = DEBUG;
				SWIFT_OPTIMIZATION_LEVEL = "-Onone";
			};
			name = Debug;
		};
		EFCECF292974511C00B75102 /* Release */ = {
			isa = XCBuildConfiguration;
			buildSettings = {
				ALWAYS_SEARCH_USER_PATHS = NO;
				CLANG_ANALYZER_NONNULL = YES;
				CLANG_ANALYZER_NUMBER_OBJECT_CONVERSION = YES_AGGRESSIVE;
				CLANG_CXX_LANGUAGE_STANDARD = "gnu++20";
				CLANG_ENABLE_MODULES = YES;
				CLANG_ENABLE_OBJC_ARC = YES;
				CLANG_ENABLE_OBJC_WEAK = YES;
				CLANG_WARN_BLOCK_CAPTURE_AUTORELEASING = YES;
				CLANG_WARN_BOOL_CONVERSION = YES;
				CLANG_WARN_COMMA = YES;
				CLANG_WARN_CONSTANT_CONVERSION = YES;
				CLANG_WARN_DEPRECATED_OBJC_IMPLEMENTATIONS = YES;
				CLANG_WARN_DIRECT_OBJC_ISA_USAGE = YES_ERROR;
				CLANG_WARN_DOCUMENTATION_COMMENTS = YES;
				CLANG_WARN_EMPTY_BODY = YES;
				CLANG_WARN_ENUM_CONVERSION = YES;
				CLANG_WARN_INFINITE_RECURSION = YES;
				CLANG_WARN_INT_CONVERSION = YES;
				CLANG_WARN_NON_LITERAL_NULL_CONVERSION = YES;
				CLANG_WARN_OBJC_IMPLICIT_RETAIN_SELF = YES;
				CLANG_WARN_OBJC_LITERAL_CONVERSION = YES;
				CLANG_WARN_OBJC_ROOT_CLASS = YES_ERROR;
				CLANG_WARN_QUOTED_INCLUDE_IN_FRAMEWORK_HEADER = YES;
				CLANG_WARN_RANGE_LOOP_ANALYSIS = YES;
				CLANG_WARN_STRICT_PROTOTYPES = YES;
				CLANG_WARN_SUSPICIOUS_MOVE = YES;
				CLANG_WARN_UNGUARDED_AVAILABILITY = YES_AGGRESSIVE;
				CLANG_WARN_UNREACHABLE_CODE = YES;
				CLANG_WARN__DUPLICATE_METHOD_MATCH = YES;
				COPY_PHASE_STRIP = NO;
				DEBUG_INFORMATION_FORMAT = "dwarf-with-dsym";
				ENABLE_NS_ASSERTIONS = NO;
				ENABLE_STRICT_OBJC_MSGSEND = YES;
				GCC_C_LANGUAGE_STANDARD = gnu11;
				GCC_NO_COMMON_BLOCKS = YES;
				GCC_WARN_64_TO_32_BIT_CONVERSION = YES;
				GCC_WARN_ABOUT_RETURN_TYPE = YES_ERROR;
				GCC_WARN_UNDECLARED_SELECTOR = YES;
				GCC_WARN_UNINITIALIZED_AUTOS = YES_AGGRESSIVE;
				GCC_WARN_UNUSED_FUNCTION = YES;
				GCC_WARN_UNUSED_VARIABLE = YES;
				IPHONEOS_DEPLOYMENT_TARGET = 15.0;
				MTL_ENABLE_DEBUG_INFO = NO;
				MTL_FAST_MATH = YES;
				SDKROOT = iphoneos;
				SWIFT_COMPILATION_MODE = wholemodule;
				SWIFT_OPTIMIZATION_LEVEL = "-O";
				VALIDATE_PRODUCT = YES;
			};
			name = Release;
		};
		EFCECF2B2974511C00B75102 /* Debug */ = {
			isa = XCBuildConfiguration;
			baseConfigurationReference = A17257938E56984D3E7BEC07 /* Pods-hermes-widget-ios.debug.xcconfig */;
			buildSettings = {
				ASSETCATALOG_COMPILER_APPICON_NAME = AppIcon;
				ASSETCATALOG_COMPILER_GLOBAL_ACCENT_COLOR_NAME = AccentColor;
				CODE_SIGN_STYLE = Automatic;
				CURRENT_PROJECT_VERSION = 1;
				DEVELOPMENT_TEAM = KPGYDGPJU8;
				GENERATE_INFOPLIST_FILE = YES;
				INFOPLIST_FILE = "hermes-widget-ios/Info.plist";
				INFOPLIST_KEY_CFBundleDisplayName = "Hermes Widget";
				INFOPLIST_KEY_UIApplicationSupportsIndirectInputEvents = YES;
				INFOPLIST_KEY_UILaunchStoryboardName = LaunchScreen;
				INFOPLIST_KEY_UIMainStoryboardFile = Main;
				INFOPLIST_KEY_UISupportedInterfaceOrientations_iPad = "UIInterfaceOrientationPortrait UIInterfaceOrientationPortraitUpsideDown UIInterfaceOrientationLandscapeLeft UIInterfaceOrientationLandscapeRight";
				INFOPLIST_KEY_UISupportedInterfaceOrientations_iPhone = "UIInterfaceOrientationPortrait UIInterfaceOrientationLandscapeLeft UIInterfaceOrientationLandscapeRight";
				IPHONEOS_DEPLOYMENT_TARGET = 15.0;
				LD_RUNPATH_SEARCH_PATHS = (
					"$(inherited)",
					"@executable_path/Frameworks",
				);
				MARKETING_VERSION = 1.0;
				PRODUCT_BUNDLE_IDENTIFIER = "com.ephod.hermes-widget-ios";
				PRODUCT_NAME = "$(TARGET_NAME)";
				SUPPORTED_PLATFORMS = "iphoneos iphonesimulator";
				SUPPORTS_MACCATALYST = NO;
				SUPPORTS_MAC_DESIGNED_FOR_IPHONE_IPAD = NO;
				SUPPORTS_XR_DESIGNED_FOR_IPHONE_IPAD = NO;
				SWIFT_EMIT_LOC_STRINGS = YES;
				SWIFT_VERSION = 5.0;
				TARGETED_DEVICE_FAMILY = "1,2";
			};
			name = Debug;
		};
		EFCECF2C2974511C00B75102 /* Release */ = {
			isa = XCBuildConfiguration;
			baseConfigurationReference = 784CDD772960655F490E101F /* Pods-hermes-widget-ios.release.xcconfig */;
			buildSettings = {
				ASSETCATALOG_COMPILER_APPICON_NAME = AppIcon;
				ASSETCATALOG_COMPILER_GLOBAL_ACCENT_COLOR_NAME = AccentColor;
				CODE_SIGN_STYLE = Automatic;
				CURRENT_PROJECT_VERSION = 1;
				DEVELOPMENT_TEAM = KPGYDGPJU8;
				GENERATE_INFOPLIST_FILE = YES;
				INFOPLIST_FILE = "hermes-widget-ios/Info.plist";
				INFOPLIST_KEY_CFBundleDisplayName = "Hermes Widget";
				INFOPLIST_KEY_UIApplicationSupportsIndirectInputEvents = YES;
				INFOPLIST_KEY_UILaunchStoryboardName = LaunchScreen;
				INFOPLIST_KEY_UIMainStoryboardFile = Main;
				INFOPLIST_KEY_UISupportedInterfaceOrientations_iPad = "UIInterfaceOrientationPortrait UIInterfaceOrientationPortraitUpsideDown UIInterfaceOrientationLandscapeLeft UIInterfaceOrientationLandscapeRight";
				INFOPLIST_KEY_UISupportedInterfaceOrientations_iPhone = "UIInterfaceOrientationPortrait UIInterfaceOrientationLandscapeLeft UIInterfaceOrientationLandscapeRight";
				IPHONEOS_DEPLOYMENT_TARGET = 15.0;
				LD_RUNPATH_SEARCH_PATHS = (
					"$(inherited)",
					"@executable_path/Frameworks",
				);
				MARKETING_VERSION = 1.0;
				PRODUCT_BUNDLE_IDENTIFIER = "com.ephod.hermes-widget-ios";
				PRODUCT_NAME = "$(TARGET_NAME)";
				SUPPORTED_PLATFORMS = "iphoneos iphonesimulator";
				SUPPORTS_MACCATALYST = NO;
				SUPPORTS_MAC_DESIGNED_FOR_IPHONE_IPAD = NO;
				SUPPORTS_XR_DESIGNED_FOR_IPHONE_IPAD = NO;
				SWIFT_EMIT_LOC_STRINGS = YES;
				SWIFT_VERSION = 5.0;
				TARGETED_DEVICE_FAMILY = "1,2";
			};
			name = Release;
		};
/* End XCBuildConfiguration section */

/* Begin XCConfigurationList section */
		EFCECF112974511900B75102 /* Build configuration list for PBXProject "hermes-widget-ios" */ = {
			isa = XCConfigurationList;
			buildConfigurations = (
				EFCECF282974511C00B75102 /* Debug */,
				EFCECF292974511C00B75102 /* Release */,
			);
			defaultConfigurationIsVisible = 0;
			defaultConfigurationName = Release;
		};
		EFCECF2A2974511C00B75102 /* Build configuration list for PBXNativeTarget "hermes-widget-ios" */ = {
			isa = XCConfigurationList;
			buildConfigurations = (
				EFCECF2B2974511C00B75102 /* Debug */,
				EFCECF2C2974511C00B75102 /* Release */,
			);
			defaultConfigurationIsVisible = 0;
			defaultConfigurationName = Release;
		};
/* End XCConfigurationList section */

/* Begin XCRemoteSwiftPackageReference section */
		EF2489C52BE94410008E60F4 /* XCRemoteSwiftPackageReference "swift-markdown-ui" */ = {
			isa = XCRemoteSwiftPackageReference;
			repositoryURL = "https://github.com/gonzalezreal/swift-markdown-ui";
			requirement = {
				kind = upToNextMajorVersion;
				minimumVersion = 2.3.0;
			};
		};
/* End XCRemoteSwiftPackageReference section */

/* Begin XCSwiftPackageProductDependency section */
		EF2489C62BE94410008E60F4 /* MarkdownUI */ = {
			isa = XCSwiftPackageProductDependency;
			package = EF2489C52BE94410008E60F4 /* XCRemoteSwiftPackageReference "swift-markdown-ui" */;
			productName = MarkdownUI;
		};
/* End XCSwiftPackageProductDependency section */
	};
	rootObject = EFCECF0E2974511900B75102 /* Project object */;
}
